
Microsoft Visual Studio Solution File, Format Version 12.00
# Visual Studio Version 16
VisualStudioVersion = 16.0.31112.23
MinimumVisualStudioVersion = 10.0.40219.1
Project("{FAE04EC0-301F-11D3-BF4B-00C04F79EFBC}") = "PopupWpf.View", "PopupWpf.View\PopupWpf.View.csproj", "{9E0AE7F5-7B6F-473E-81E0-EF37BD0BD6DF}"
EndProject
Global
	GlobalSection(SolutionConfigurationPlatforms) = preSolution
		Debug|Any CPU = Debug|Any CPU
		Release|Any CPU = Release|Any CPU
	EndGlobalSection
	GlobalSection(ProjectConfigurationPlatforms) = postSolution
		{9E0AE7F5-7B6F-473E-81E0-EF37BD0BD6DF}.Debug|Any CPU.ActiveCfg = Debug|Any CPU
		{9E0AE7F5-7B6F-473E-81E0-EF37BD0BD6DF}.Debug|Any CPU.Build.0 = Debug|Any CPU
		{9E0AE7F5-7B6F-473E-81E0-EF37BD0BD6DF}.Release|Any CPU.ActiveCfg = Release|Any CPU
		{9E0AE7F5-7B6F-473E-81E0-EF37BD0BD6DF}.Release|Any CPU.Build.0 = Release|Any CPU
	EndGlobalSection
	GlobalSection(SolutionProperties) = preSolution
		HideSolutionNode = FALSE
	EndGlobalSection
	GlobalSection(ExtensibilityGlobals) = postSolution
		SolutionGuid = {E9A7A724-3DB2-47F6-9B45-CF988F73FBA3}
	EndGlobalSection
EndGlobal
